
Microsoft Visual Studio Solution File, Format Version 12.00
# Visual Studio Version 17
VisualStudioVersion = 17.7.34024.191
MinimumVisualStudioVersion = 10.0.40219.1
Project("{FAE04EC0-301F-11D3-BF4B-00C04F79EFBC}") = "QuanLyQuanCafe", "QuanLyQuanCafe\QuanLyQuanCafe.csproj", "{ABF41AD3-9F34-4EF3-B482-999445D8DDC8}"
EndProject
Global
	GlobalSection(SolutionConfigurationPlatforms) = preSolution
		Debug|Any CPU = Debug|Any CPU
		Release|Any CPU = Release|Any CPU
	EndGlobalSection
	GlobalSection(ProjectConfigurationPlatforms) = postSolution
		{ABF41AD3-9F34-4EF3-B482-999445D8DDC8}.Debug|Any CPU.ActiveCfg = Debug|Any CPU
		{ABF41AD3-9F34-4EF3-B482-999445D8DDC8}.Debug|Any CPU.Build.0 = Debug|Any CPU
		{ABF41AD3-9F34-4EF3-B482-999445D8DDC8}.Release|Any CPU.ActiveCfg = Release|Any CPU
		{ABF41AD3-9F34-4EF3-B482-999445D8DDC8}.Release|Any CPU.Build.0 = Release|Any CPU
	EndGlobalSection
	GlobalSection(SolutionProperties) = preSolution
		HideSolutionNode = FALSE
	EndGlobalSection
	GlobalSection(ExtensibilityGlobals) = postSolution
		SolutionGuid = {DE8F9E26-0908-4350-ADCD-28CC8D113DE5}
	EndGlobalSection
EndGlobal
